
Microsoft Visual Studio Solution File, Format Version 12.00
# Visual Studio Version 17
VisualStudioVersion = 17.10.34707.107
MinimumVisualStudioVersion = 10.0.40219.1
Project("{FAE04EC0-301F-11D3-BF4B-00C04F79EFBC}") = "BulkyWeb", "BulkyWeb\BulkyWeb.csproj", "{5AE69E96-44F1-47E0-8E77-B6D8B5E16E77}"
EndProject
Global
	GlobalSection(SolutionConfigurationPlatforms) = preSolution
		Debug|Any CPU = Debug|Any CPU
		Release|Any CPU = Release|Any CPU
	EndGlobalSection
	GlobalSection(ProjectConfigurationPlatforms) = postSolution
		{5AE69E96-44F1-47E0-8E77-B6D8B5E16E77}.Debug|Any CPU.ActiveCfg = Debug|Any CPU
		{5AE69E96-44F1-47E0-8E77-B6D8B5E16E77}.Debug|Any CPU.Build.0 = Debug|Any CPU
		{5AE69E96-44F1-47E0-8E77-B6D8B5E16E77}.Release|Any CPU.ActiveCfg = Release|Any CPU
		{5AE69E96-44F1-47E0-8E77-B6D8B5E16E77}.Release|Any CPU.Build.0 = Release|Any CPU
	EndGlobalSection
	GlobalSection(SolutionProperties) = preSolution
		HideSolutionNode = FALSE
	EndGlobalSection
	GlobalSection(ExtensibilityGlobals) = postSolution
		SolutionGuid = {3ACFFEA4-236D-4D4D-A541-BF6F405A490B}
	EndGlobalSection
EndGlobal
